
Microsoft Visual Studio Solution File, Format Version 12.00
# Visual Studio Version 17
VisualStudioVersion = 17.10.35013.160
MinimumVisualStudioVersion = 10.0.40219.1
Project("{FAE04EC0-301F-11D3-BF4B-00C04F79EFBC}") = "ContactManagementSystem", "ContactManagementSystem\ContactManagementSystem.csproj", "{DC0E89E9-E04F-4EF2-A0D4-B7C6CD400587}"
EndProject
Project("{FAE04EC0-301F-11D3-BF4B-00C04F79EFBC}") = "BLL", "BLL\BLL.csproj", "{D4174986-75F0-4A17-9953-CCA63D502467}"
EndProject
Project("{FAE04EC0-301F-11D3-BF4B-00C04F79EFBC}") = "DAL", "DAL\DAL.csproj", "{71D3207C-CE05-4317-8FB3-1054AC3A5CEA}"
EndProject
Global
	GlobalSection(SolutionConfigurationPlatforms) = preSolution
		Debug|Any CPU = Debug|Any CPU
		Release|Any CPU = Release|Any CPU
	EndGlobalSection
	GlobalSection(ProjectConfigurationPlatforms) = postSolution
		{DC0E89E9-E04F-4EF2-A0D4-B7C6CD400587}.Debug|Any CPU.ActiveCfg = Debug|Any CPU
		{DC0E89E9-E04F-4EF2-A0D4-B7C6CD400587}.Debug|Any CPU.Build.0 = Debug|Any CPU
		{DC0E89E9-E04F-4EF2-A0D4-B7C6CD400587}.Release|Any CPU.ActiveCfg = Release|Any CPU
		{DC0E89E9-E04F-4EF2-A0D4-B7C6CD400587}.Release|Any CPU.Build.0 = Release|Any CPU
		{D4174986-75F0-4A17-9953-CCA63D502467}.Debug|Any CPU.ActiveCfg = Debug|Any CPU
		{D4174986-75F0-4A17-9953-CCA63D502467}.Debug|Any CPU.Build.0 = Debug|Any CPU
		{D4174986-75F0-4A17-9953-CCA63D502467}.Release|Any CPU.ActiveCfg = Release|Any CPU
		{D4174986-75F0-4A17-9953-CCA63D502467}.Release|Any CPU.Build.0 = Release|Any CPU
		{71D3207C-CE05-4317-8FB3-1054AC3A5CEA}.Debug|Any CPU.ActiveCfg = Debug|Any CPU
		{71D3207C-CE05-4317-8FB3-1054AC3A5CEA}.Debug|Any CPU.Build.0 = Debug|Any CPU
		{71D3207C-CE05-4317-8FB3-1054AC3A5CEA}.Release|Any CPU.ActiveCfg = Release|Any CPU
		{71D3207C-CE05-4317-8FB3-1054AC3A5CEA}.Release|Any CPU.Build.0 = Release|Any CPU
	EndGlobalSection
	GlobalSection(SolutionProperties) = preSolution
		HideSolutionNode = FALSE
	EndGlobalSection
	GlobalSection(ExtensibilityGlobals) = postSolution
		SolutionGuid = {420842DE-6C6C-440E-89CF-2B67F7CA0F97}
	EndGlobalSection
EndGlobal
